
Microsoft Visual Studio Solution File, Format Version 12.00
# Visual Studio 15
VisualStudioVersion = 15.0.27130.2010
MinimumVisualStudioVersion = 10.0.40219.1
Project("{888888A0-9F3D-457C-B088-3A5042F75D52}") = "DjangoWebProject3", "DjangoWebProject3.pyproj", "{EAFA23C7-9DAB-4DDF-8354-0777525DE012}"
EndProject
Global
	GlobalSection(SolutionConfigurationPlatforms) = preSolution
		Debug|Any CPU = Debug|Any CPU
		Release|Any CPU = Release|Any CPU
	EndGlobalSection
	GlobalSection(ProjectConfigurationPlatforms) = postSolution
		{EAFA23C7-9DAB-4DDF-8354-0777525DE012}.Debug|Any CPU.ActiveCfg = Debug|Any CPU
		{EAFA23C7-9DAB-4DDF-8354-0777525DE012}.Debug|Any CPU.Build.0 = Debug|Any CPU
		{EAFA23C7-9DAB-4DDF-8354-0777525DE012}.Release|Any CPU.ActiveCfg = Release|Any CPU
		{EAFA23C7-9DAB-4DDF-8354-0777525DE012}.Release|Any CPU.Build.0 = Release|Any CPU
	EndGlobalSection
	GlobalSection(SolutionProperties) = preSolution
		HideSolutionNode = FALSE
	EndGlobalSection
	GlobalSection(ExtensibilityGlobals) = postSolution
		SolutionGuid = {A8B582B6-03EF-42E8-B5AF-C16D3425D2FE}
	EndGlobalSection
EndGlobal
