
Microsoft Visual Studio Solution File, Format Version 12.00
# Visual Studio 15
VisualStudioVersion = 15.0.27130.2010
MinimumVisualStudioVersion = 10.0.40219.1
Project("{888888A0-9F3D-457C-B088-3A5042F75D52}") = "DjangoWebProject2", "DjangoWebProject2.pyproj", "{E7AFBBEC-A904-4AEA-8016-A8B00BB11884}"
EndProject
Global
	GlobalSection(SolutionConfigurationPlatforms) = preSolution
		Debug|Any CPU = Debug|Any CPU
		Release|Any CPU = Release|Any CPU
	EndGlobalSection
	GlobalSection(ProjectConfigurationPlatforms) = postSolution
		{E7AFBBEC-A904-4AEA-8016-A8B00BB11884}.Debug|Any CPU.ActiveCfg = Debug|Any CPU
		{E7AFBBEC-A904-4AEA-8016-A8B00BB11884}.Debug|Any CPU.Build.0 = Debug|Any CPU
		{E7AFBBEC-A904-4AEA-8016-A8B00BB11884}.Release|Any CPU.ActiveCfg = Release|Any CPU
		{E7AFBBEC-A904-4AEA-8016-A8B00BB11884}.Release|Any CPU.Build.0 = Release|Any CPU
	EndGlobalSection
	GlobalSection(SolutionProperties) = preSolution
		HideSolutionNode = FALSE
	EndGlobalSection
	GlobalSection(ExtensibilityGlobals) = postSolution
		SolutionGuid = {F0656593-EEF8-474D-9D75-BA488A617B36}
	EndGlobalSection
EndGlobal
